{
  "object": {
    "pins": [
      {
        "package": "libwebp",
        "repositoryURL": "https://github.com/SDWebImage/libwebp-Xcode.git",
        "state": {
          "branch": "platform_version",
          "revision": "e5b21b0330db1ad3822b0e50ac75b62286c0fafd",
          "version": null
        }
      },
      {
        "package": "SDWebImage",
        "repositoryURL": "https://github.com/SDWebImage/SDWebImage.git",
        "state": {
          "branch": null,
          "revision": "665d02280f5c04515e76feb78078dd89da091f3e",
          "version": "5.9.2"
        }
      }
    ]
  },
  "version": 1
}
