{
  "object": {
    "pins": [
      {
        "package": "libwebp",
        "repositoryURL": "https://github.com/shimastripe/libwebp-Xcode.git",
        "state": {
          "branch": null,
          "revision": "a96a36ff024e288006b4302b9acab23877356d19",
          "version": "1.3.0"
        }
      },
      {
        "package": "SDWebImage",
        "repositoryURL": "https://github.com/SDWebImage/SDWebImage.git",
        "state": {
          "branch": null,
          "revision": "ae3d0a7703eb883a876864f17a4591158199e9f2",
          "version": "5.9.0"
        }
      }
    ]
  },
  "version": 1
}
